
Microsoft Visual Studio Solution File, Format Version 12.00
# Visual Studio 14
VisualStudioVersion = 14.0.24720.0
MinimumVisualStudioVersion = 10.0.40219.1
Project("{FAE04EC0-301F-11D3-BF4B-00C04F79EFBC}") = "SqlFluent", "SqlFluent\SqlFluent.csproj", "{301E79FC-40E6-4BF7-B80B-9467C73F8C09}"
EndProject
Project("{FAE04EC0-301F-11D3-BF4B-00C04F79EFBC}") = "SqlFluent.Test", "SqlFluent.Test\SqlFluent.Test.csproj", "{DE7E025E-E250-48CF-920F-6C50FFE493F8}"
EndProject
Project("{2150E333-8FDC-42A3-9474-1A3956D46DE8}") = "Solution Items", "Solution Items", "{75017A08-03ED-41ED-A9E9-83C60A373B52}"
	ProjectSection(SolutionItems) = preProject
		.gitattributes = .gitattributes
		.gitignore = .gitignore
		appveyor.yml = appveyor.yml
		README.md = README.md
	EndProjectSection
EndProject
Global
	GlobalSection(SolutionConfigurationPlatforms) = preSolution
		Debug|Any CPU = Debug|Any CPU
		Release|Any CPU = Release|Any CPU
	EndGlobalSection
	GlobalSection(ProjectConfigurationPlatforms) = postSolution
		{301E79FC-40E6-4BF7-B80B-9467C73F8C09}.Debug|Any CPU.ActiveCfg = Debug|Any CPU
		{301E79FC-40E6-4BF7-B80B-9467C73F8C09}.Debug|Any CPU.Build.0 = Debug|Any CPU
		{301E79FC-40E6-4BF7-B80B-9467C73F8C09}.Release|Any CPU.ActiveCfg = Release|Any CPU
		{301E79FC-40E6-4BF7-B80B-9467C73F8C09}.Release|Any CPU.Build.0 = Release|Any CPU
		{DE7E025E-E250-48CF-920F-6C50FFE493F8}.Debug|Any CPU.ActiveCfg = Debug|Any CPU
		{DE7E025E-E250-48CF-920F-6C50FFE493F8}.Debug|Any CPU.Build.0 = Debug|Any CPU
		{DE7E025E-E250-48CF-920F-6C50FFE493F8}.Release|Any CPU.ActiveCfg = Release|Any CPU
		{DE7E025E-E250-48CF-920F-6C50FFE493F8}.Release|Any CPU.Build.0 = Release|Any CPU
	EndGlobalSection
	GlobalSection(SolutionProperties) = preSolution
		HideSolutionNode = FALSE
	EndGlobalSection
EndGlobal
